
Microsoft Visual Studio Solution File, Format Version 12.00
# Visual Studio 2013
VisualStudioVersion = 12.0.21005.1
MinimumVisualStudioVersion = 10.0.40219.1
Project("{FAE04EC0-301F-11D3-BF4B-00C04F79EFBC}") = "BinaryPasswords", "BinaryPasswords\BinaryPasswords.csproj", "{C14B5082-4BD7-4AA2-A384-0650C5BEC22F}"
EndProject
Project("{FAE04EC0-301F-11D3-BF4B-00C04F79EFBC}") = "ColorBunnies", "ColorBunnies\ColorBunnies.csproj", "{351D8956-BD20-4C69-9F69-A73F141054B6}"
EndProject
Global
	GlobalSection(SolutionConfigurationPlatforms) = preSolution
		Debug|Any CPU = Debug|Any CPU
		Release|Any CPU = Release|Any CPU
	EndGlobalSection
	GlobalSection(ProjectConfigurationPlatforms) = postSolution
		{C14B5082-4BD7-4AA2-A384-0650C5BEC22F}.Debug|Any CPU.ActiveCfg = Debug|Any CPU
		{C14B5082-4BD7-4AA2-A384-0650C5BEC22F}.Debug|Any CPU.Build.0 = Debug|Any CPU
		{C14B5082-4BD7-4AA2-A384-0650C5BEC22F}.Release|Any CPU.ActiveCfg = Release|Any CPU
		{C14B5082-4BD7-4AA2-A384-0650C5BEC22F}.Release|Any CPU.Build.0 = Release|Any CPU
		{351D8956-BD20-4C69-9F69-A73F141054B6}.Debug|Any CPU.ActiveCfg = Debug|Any CPU
		{351D8956-BD20-4C69-9F69-A73F141054B6}.Debug|Any CPU.Build.0 = Debug|Any CPU
		{351D8956-BD20-4C69-9F69-A73F141054B6}.Release|Any CPU.ActiveCfg = Release|Any CPU
		{351D8956-BD20-4C69-9F69-A73F141054B6}.Release|Any CPU.Build.0 = Release|Any CPU
	EndGlobalSection
	GlobalSection(SolutionProperties) = preSolution
		HideSolutionNode = FALSE
	EndGlobalSection
EndGlobal
